
Microsoft Visual Studio Solution File, Format Version 12.00
# Visual Studio Version 17
VisualStudioVersion = 17.0.31919.166
MinimumVisualStudioVersion = 10.0.40219.1
Project("{F184B08F-C81C-45F6-A57F-5ABD9991F28F}") = "Calculator", "Calculator.vbproj", "{D603724D-6056-4DA1-8974-1999C0B5C664}"
EndProject
Global
	GlobalSection(SolutionConfigurationPlatforms) = preSolution
		Debug|Any CPU = Debug|Any CPU
		Release|Any CPU = Release|Any CPU
	EndGlobalSection
	GlobalSection(ProjectConfigurationPlatforms) = postSolution
		{D603724D-6056-4DA1-8974-1999C0B5C664}.Debug|Any CPU.ActiveCfg = Debug|Any CPU
		{D603724D-6056-4DA1-8974-1999C0B5C664}.Debug|Any CPU.Build.0 = Debug|Any CPU
		{D603724D-6056-4DA1-8974-1999C0B5C664}.Release|Any CPU.ActiveCfg = Release|Any CPU
		{D603724D-6056-4DA1-8974-1999C0B5C664}.Release|Any CPU.Build.0 = Release|Any CPU
	EndGlobalSection
	GlobalSection(SolutionProperties) = preSolution
		HideSolutionNode = FALSE
	EndGlobalSection
	GlobalSection(ExtensibilityGlobals) = postSolution
		SolutionGuid = {97D807B2-3A9D-46F1-83AA-3128F27F9ABE}
	EndGlobalSection
EndGlobal
