
Microsoft Visual Studio Solution File, Format Version 12.00
# Visual Studio Version 17
VisualStudioVersion = 17.0.32002.185
MinimumVisualStudioVersion = 10.0.40219.1
Project("{F184B08F-C81C-45F6-A57F-5ABD9991F28F}") = "scroll bar", "scroll bar.vbproj", "{4AF44FD8-C1F9-4ADC-A4D6-2D4164523610}"
EndProject
Global
	GlobalSection(SolutionConfigurationPlatforms) = preSolution
		Debug|Any CPU = Debug|Any CPU
		Release|Any CPU = Release|Any CPU
	EndGlobalSection
	GlobalSection(ProjectConfigurationPlatforms) = postSolution
		{4AF44FD8-C1F9-4ADC-A4D6-2D4164523610}.Debug|Any CPU.ActiveCfg = Debug|Any CPU
		{4AF44FD8-C1F9-4ADC-A4D6-2D4164523610}.Debug|Any CPU.Build.0 = Debug|Any CPU
		{4AF44FD8-C1F9-4ADC-A4D6-2D4164523610}.Release|Any CPU.ActiveCfg = Release|Any CPU
		{4AF44FD8-C1F9-4ADC-A4D6-2D4164523610}.Release|Any CPU.Build.0 = Release|Any CPU
	EndGlobalSection
	GlobalSection(SolutionProperties) = preSolution
		HideSolutionNode = FALSE
	EndGlobalSection
	GlobalSection(ExtensibilityGlobals) = postSolution
		SolutionGuid = {9FEABCA0-4A83-4319-8C14-35A6C62DAEEA}
	EndGlobalSection
EndGlobal
